
Microsoft Visual Studio Solution File, Format Version 12.00
# Visual Studio Version 16
VisualStudioVersion = 16.0.29306.81
MinimumVisualStudioVersion = 10.0.40219.1
Project("{FAE04EC0-301F-11D3-BF4B-00C04F79EFBC}") = "MquasakuConsoleApp1", "MquasakuConsoleApp1\MquasakuConsoleApp1.csproj", "{8762B04C-ADD7-4EF7-88CA-991B28EBB1DD}"
EndProject
Global
	GlobalSection(SolutionConfigurationPlatforms) = preSolution
		Debug|Any CPU = Debug|Any CPU
		Release|Any CPU = Release|Any CPU
	EndGlobalSection
	GlobalSection(ProjectConfigurationPlatforms) = postSolution
		{8762B04C-ADD7-4EF7-88CA-991B28EBB1DD}.Debug|Any CPU.ActiveCfg = Debug|Any CPU
		{8762B04C-ADD7-4EF7-88CA-991B28EBB1DD}.Debug|Any CPU.Build.0 = Debug|Any CPU
		{8762B04C-ADD7-4EF7-88CA-991B28EBB1DD}.Release|Any CPU.ActiveCfg = Release|Any CPU
		{8762B04C-ADD7-4EF7-88CA-991B28EBB1DD}.Release|Any CPU.Build.0 = Release|Any CPU
	EndGlobalSection
	GlobalSection(SolutionProperties) = preSolution
		HideSolutionNode = FALSE
	EndGlobalSection
	GlobalSection(ExtensibilityGlobals) = postSolution
		SolutionGuid = {362FD5BB-96F8-4124-801B-562687F854DE}
	EndGlobalSection
EndGlobal
